Microsoft Visual Studio Solution File, Format Version 11.00
# Visual Studio 2010
Project("{71283649-5EB0-ECF3-4C33-AB1C80454139}") = "Badaboum", "Badaboum.vcxproj", "{7A6BACB7-8B44-98A7-2727-4592D54AB809}"
EndProject
Global
	GlobalSection(SolutionConfigurationPlatforms) = preSolution
		Debug|Win32 = Debug|Win32
		Release|Win32 = Release|Win32
	EndGlobalSection
	GlobalSection(ProjectConfigurationPlatforms) = postSolution
		{7A6BACB7-8B44-98A7-2727-4592D54AB809}.Debug|Win32.ActiveCfg = Debug|Win32
		{7A6BACB7-8B44-98A7-2727-4592D54AB809}.Debug|Win32.Build.0 = Debug|Win32
		{7A6BACB7-8B44-98A7-2727-4592D54AB809}.Release|Win32.ActiveCfg = Release|Win32
		{7A6BACB7-8B44-98A7-2727-4592D54AB809}.Release|Win32.Build.0 = Release|Win32
	EndGlobalSection
	GlobalSection(SolutionProperties) = preSolution
		HideSolutionNode = FALSE
	EndGlobalSection
EndGlobal
